
Microsoft Visual Studio Solution File, Format Version 12.00
# Visual Studio Version 17
VisualStudioVersion = 17.12.35506.116 d17.12
MinimumVisualStudioVersion = 10.0.40219.1
Project("{FAE04EC0-301F-11D3-BF4B-00C04F79EFBC}") = "Topic 3 Assignment", "Topic 3 Assignment\Topic 3 Assignment.csproj", "{3FFF97DC-277B-4BFF-A4AE-45DEEC00FCDC}"
EndProject
Global
	GlobalSection(SolutionConfigurationPlatforms) = preSolution
		Debug|Any CPU = Debug|Any CPU
		Release|Any CPU = Release|Any CPU
	EndGlobalSection
	GlobalSection(ProjectConfigurationPlatforms) = postSolution
		{3FFF97DC-277B-4BFF-A4AE-45DEEC00FCDC}.Debug|Any CPU.ActiveCfg = Debug|Any CPU
		{3FFF97DC-277B-4BFF-A4AE-45DEEC00FCDC}.Debug|Any CPU.Build.0 = Debug|Any CPU
		{3FFF97DC-277B-4BFF-A4AE-45DEEC00FCDC}.Release|Any CPU.ActiveCfg = Release|Any CPU
		{3FFF97DC-277B-4BFF-A4AE-45DEEC00FCDC}.Release|Any CPU.Build.0 = Release|Any CPU
	EndGlobalSection
	GlobalSection(SolutionProperties) = preSolution
		HideSolutionNode = FALSE
	EndGlobalSection
EndGlobal
